
Microsoft Visual Studio Solution File, Format Version 12.00
# Visual Studio 15
VisualStudioVersion = 15.0.28307.329
MinimumVisualStudioVersion = 10.0.40219.1
Project("{9A19103F-16F7-4668-BE54-9A1E7A4F7556}") = "FlexProxy", "FlexProxy\FlexProxy.csproj", "{37D7652F-11C7-4ECA-87E4-78FD593200A0}"
EndProject
Project("{2150E333-8FDC-42A3-9474-1A3956D46DE8}") = "Middleware", "Middleware", "{99134AB2-F09D-4A6D-B110-031D0A3FA0E5}"
EndProject
Project("{2150E333-8FDC-42A3-9474-1A3956D46DE8}") = "Components", "Components", "{6866309A-771A-43BE-A8C7-CBFD7C9A9A7F}"
EndProject
Project("{9A19103F-16F7-4668-BE54-9A1E7A4F7556}") = "FlexProxy.Core", "FlexProxy.Core\FlexProxy.Core.csproj", "{A1C7DCFC-4D61-4AAA-B771-E89343870C01}"
EndProject
Project("{9A19103F-16F7-4668-BE54-9A1E7A4F7556}") = "FlexProxy.ExceptionHandlerMiddleware", "FlexProxy.ExceptionHandlerMiddleware\FlexProxy.ExceptionHandlerMiddleware.csproj", "{8E800B1F-24B4-47E2-9015-044E32BB4466}"
EndProject
Project("{9A19103F-16F7-4668-BE54-9A1E7A4F7556}") = "FlexProxy.RobotsMiddleware", "FlexProxy.RobotsMiddleware\FlexProxy.RobotsMiddleware.csproj", "{7A0ED343-FBF9-454F-82DE-3A17AB854305}"
EndProject
Project("{9A19103F-16F7-4668-BE54-9A1E7A4F7556}") = "FlexProxy.WebProxyMiddleware", "FlexProxy.WebProxyMiddleware\FlexProxy.WebProxyMiddleware.csproj", "{C866C789-4719-4A07-BC91-11E67E36DB12}"
EndProject
Project("{FAE04EC0-301F-11D3-BF4B-00C04F79EFBC}") = "FlexProxy.HealthCheckMiddleware", "FlexProxy.HealthCheckMiddleware\FlexProxy.HealthCheckMiddleware.csproj", "{361BB5E2-03ED-4F77-8EFE-5040E9A9D74F}"
EndProject
Project("{FAE04EC0-301F-11D3-BF4B-00C04F79EFBC}") = "FlexProxy.RequestTracerMiddleware", "FlexProxy.RequestTracerMiddleware\FlexProxy.RequestTracerMiddleware.csproj", "{E39259D1-350C-4CA6-9ADF-367E26EB28F4}"
EndProject
Project("{FAE04EC0-301F-11D3-BF4B-00C04F79EFBC}") = "FlexProxy.SessionHandlerMiddleware", "FlexProxy.SessionHandlerMiddleware\FlexProxy.SessionHandlerMiddleware.csproj", "{E8AC3EF6-9FAD-481F-8A9D-55F71E0D81C2}"
EndProject
Global
	GlobalSection(SolutionConfigurationPlatforms) = preSolution
		Debug|Any CPU = Debug|Any CPU
		Release|Any CPU = Release|Any CPU
	EndGlobalSection
	GlobalSection(ProjectConfigurationPlatforms) = postSolution
		{37D7652F-11C7-4ECA-87E4-78FD593200A0}.Debug|Any CPU.ActiveCfg = Debug|Any CPU
		{37D7652F-11C7-4ECA-87E4-78FD593200A0}.Debug|Any CPU.Build.0 = Debug|Any CPU
		{37D7652F-11C7-4ECA-87E4-78FD593200A0}.Release|Any CPU.ActiveCfg = Release|Any CPU
		{37D7652F-11C7-4ECA-87E4-78FD593200A0}.Release|Any CPU.Build.0 = Release|Any CPU
		{A1C7DCFC-4D61-4AAA-B771-E89343870C01}.Debug|Any CPU.ActiveCfg = Debug|Any CPU
		{A1C7DCFC-4D61-4AAA-B771-E89343870C01}.Debug|Any CPU.Build.0 = Debug|Any CPU
		{A1C7DCFC-4D61-4AAA-B771-E89343870C01}.Release|Any CPU.ActiveCfg = Release|Any CPU
		{A1C7DCFC-4D61-4AAA-B771-E89343870C01}.Release|Any CPU.Build.0 = Release|Any CPU
		{8E800B1F-24B4-47E2-9015-044E32BB4466}.Debug|Any CPU.ActiveCfg = Debug|Any CPU
		{8E800B1F-24B4-47E2-9015-044E32BB4466}.Debug|Any CPU.Build.0 = Debug|Any CPU
		{8E800B1F-24B4-47E2-9015-044E32BB4466}.Release|Any CPU.ActiveCfg = Release|Any CPU
		{8E800B1F-24B4-47E2-9015-044E32BB4466}.Release|Any CPU.Build.0 = Release|Any CPU
		{7A0ED343-FBF9-454F-82DE-3A17AB854305}.Debug|Any CPU.ActiveCfg = Debug|Any CPU
		{7A0ED343-FBF9-454F-82DE-3A17AB854305}.Debug|Any CPU.Build.0 = Debug|Any CPU
		{7A0ED343-FBF9-454F-82DE-3A17AB854305}.Release|Any CPU.ActiveCfg = Release|Any CPU
		{7A0ED343-FBF9-454F-82DE-3A17AB854305}.Release|Any CPU.Build.0 = Release|Any CPU
		{C866C789-4719-4A07-BC91-11E67E36DB12}.Debug|Any CPU.ActiveCfg = Debug|Any CPU
		{C866C789-4719-4A07-BC91-11E67E36DB12}.Debug|Any CPU.Build.0 = Debug|Any CPU
		{C866C789-4719-4A07-BC91-11E67E36DB12}.Release|Any CPU.ActiveCfg = Release|Any CPU
		{C866C789-4719-4A07-BC91-11E67E36DB12}.Release|Any CPU.Build.0 = Release|Any CPU
		{361BB5E2-03ED-4F77-8EFE-5040E9A9D74F}.Debug|Any CPU.ActiveCfg = Debug|Any CPU
		{361BB5E2-03ED-4F77-8EFE-5040E9A9D74F}.Debug|Any CPU.Build.0 = Debug|Any CPU
		{361BB5E2-03ED-4F77-8EFE-5040E9A9D74F}.Release|Any CPU.ActiveCfg = Release|Any CPU
		{361BB5E2-03ED-4F77-8EFE-5040E9A9D74F}.Release|Any CPU.Build.0 = Release|Any CPU
		{E39259D1-350C-4CA6-9ADF-367E26EB28F4}.Debug|Any CPU.ActiveCfg = Debug|Any CPU
		{E39259D1-350C-4CA6-9ADF-367E26EB28F4}.Debug|Any CPU.Build.0 = Debug|Any CPU
		{E39259D1-350C-4CA6-9ADF-367E26EB28F4}.Release|Any CPU.ActiveCfg = Release|Any CPU
		{E39259D1-350C-4CA6-9ADF-367E26EB28F4}.Release|Any CPU.Build.0 = Release|Any CPU
		{E8AC3EF6-9FAD-481F-8A9D-55F71E0D81C2}.Debug|Any CPU.ActiveCfg = Debug|Any CPU
		{E8AC3EF6-9FAD-481F-8A9D-55F71E0D81C2}.Debug|Any CPU.Build.0 = Debug|Any CPU
		{E8AC3EF6-9FAD-481F-8A9D-55F71E0D81C2}.Release|Any CPU.ActiveCfg = Release|Any CPU
		{E8AC3EF6-9FAD-481F-8A9D-55F71E0D81C2}.Release|Any CPU.Build.0 = Release|Any CPU
	EndGlobalSection
	GlobalSection(SolutionProperties) = preSolution
		HideSolutionNode = FALSE
	EndGlobalSection
	GlobalSection(NestedProjects) = preSolution
		{A1C7DCFC-4D61-4AAA-B771-E89343870C01} = {6866309A-771A-43BE-A8C7-CBFD7C9A9A7F}
		{8E800B1F-24B4-47E2-9015-044E32BB4466} = {99134AB2-F09D-4A6D-B110-031D0A3FA0E5}
		{7A0ED343-FBF9-454F-82DE-3A17AB854305} = {99134AB2-F09D-4A6D-B110-031D0A3FA0E5}
		{C866C789-4719-4A07-BC91-11E67E36DB12} = {99134AB2-F09D-4A6D-B110-031D0A3FA0E5}
		{361BB5E2-03ED-4F77-8EFE-5040E9A9D74F} = {99134AB2-F09D-4A6D-B110-031D0A3FA0E5}
		{E39259D1-350C-4CA6-9ADF-367E26EB28F4} = {99134AB2-F09D-4A6D-B110-031D0A3FA0E5}
		{E8AC3EF6-9FAD-481F-8A9D-55F71E0D81C2} = {99134AB2-F09D-4A6D-B110-031D0A3FA0E5}
	EndGlobalSection
	GlobalSection(ExtensibilityGlobals) = postSolution
		SolutionGuid = {F6CF87B3-4210-4A3E-9271-764F5BDAF818}
	EndGlobalSection
EndGlobal
